github.com/davidhsingyuchen/go-ansi-parser v1.4.1 h1:Sjm9Eqlpzj7HrFMUPA/SRM2vc1c3k+aUVg/F69Cy2us=
github.com/davidhsingyuchen/go-ansi-parser v1.4.1/go.mod h1:+vva/2y4alzVmmIEpk9QDhA7vLC5zKDTRwfZGOp3IWU=
github.com/leaanthony/go-ansi-parser v1.4.0 h1:bfdc5h9q6hz/F1i9+ibIEVIL4HwP/0qzDVD7MDob8g0=
github.com/leaanthony/go-ansi-parser v1.4.0/go.mod h1:+vva/2y4alzVmmIEpk9QDhA7vLC5zKDTRwfZGOp3IWU=
github.com/matryer/is v1.4.0/go.mod h1:8I/i5uYgLzgsgEloJE1U6xx5HkBQpAZvepWuujKwMRU=
github.com/rivo/uniseg v0.2.0 h1:S1pD9weZBuJdFmowNwbpi7BJ8TNftyUImj/0WQi72jY=
github.com/rivo/uniseg v0.2.0/go.mod h1:J6wj4VEh+S6ZtnVlnTBMWIodfgj8LQOQFoIToxlJtxc=
